{
    "dependencies": [
        {
            "name": "meta/editor_kit_primitives",
            "version": "1.12.1"
        },
        {
            "name": "meta/editor_kit_shaders",
            "version": "0.12.1"
        },
        {
            "name": "meta/editor_kit_starting_world",
            "version": "1.13.1"
        },
        {
            "name": "meta/editor_kit_vfx",
            "version": "0.9.1"
        },
        {
            "name": "meta/editor_starter_kit",
            "version": "1.12.1"
        },
        {
            "name": "meta/shaderkit",
            "version": "0.11.1"
        },
        {
            "name": "meta/shaderkit_uber",
            "version": "0.3.1"
        }
    ]
}